// !$*UTF8*$!
{
	archiveVersion = 1;
	classes = {
	};
	objectVersion = 56;
	objects = {

/* Begin PBXBuildFile section */
		33540BCA2A7150C100E47DE2 /* WatchNotificationLocal Watch App.app in Embed Watch Content */ = {isa = PBXBuildFile; fileRef = 33540BC92A7150C100E47DE2 /* WatchNotificationLocal Watch App.app */; settings = {ATTRIBUTES = (RemoveHeadersOnCopy, ); }; };
		33540BCF2A7150C100E47DE2 /* WatchNotificationLocalApp.swift in Sources */ = {isa = PBXBuildFile; fileRef = 33540BCE2A7150C100E47DE2 /* WatchNotificationLocalApp.swift */; };
		33540BD32A7150C200E47DE2 /* Assets.xcassets in Resources */ = {isa = PBXBuildFile; fileRef = 33540BD22A7150C200E47DE2 /* Assets.xcassets */; };
		33540BD62A7150C200E47DE2 /* Preview Assets.xcassets in Resources */ = {isa = PBXBuildFile; fileRef = 33540BD52A7150C200E47DE2 /* Preview Assets.xcassets */; };
		33540BE72A71517900E47DE2 /* HomeView.swift in Sources */ = {isa = PBXBuildFile; fileRef = 33540BE52A71517900E47DE2 /* HomeView.swift */; };
		33540BE82A71517900E47DE2 /* HomeViewModel.swift in Sources */ = {isa = PBXBuildFile; fileRef = 33540BE62A71517900E47DE2 /* HomeViewModel.swift */; };
		33540BEC2A7185DE00E47DE2 /* PushNotificationPayload-1.apns in Resources */ = {isa = PBXBuildFile; fileRef = 33540BEB2A7185DE00E47DE2 /* PushNotificationPayload-1.apns */; };
		33540BFE2A71961000E47DE2 /* NotificationController.swift in Sources */ = {isa = PBXBuildFile; fileRef = 33540BFC2A71961000E47DE2 /* NotificationController.swift */; };
		33540BFF2A71961000E47DE2 /* NotificationView.swift in Sources */ = {isa = PBXBuildFile; fileRef = 33540BFD2A71961000E47DE2 /* NotificationView.swift */; };
		33540C072A719A8600E47DE2 /* PushNotificationPayload-2.apns in Resources */ = {isa = PBXBuildFile; fileRef = 33540C062A719A8600E47DE2 /* PushNotificationPayload-2.apns */; };
		33540C092A719A8D00E47DE2 /* PushNotificationPayload-3.apns in Resources */ = {isa = PBXBuildFile; fileRef = 33540C082A719A8D00E47DE2 /* PushNotificationPayload-3.apns */; };
		33540C0C2A71BF0100E47DE2 /* README.md in Resources */ = {isa = PBXBuildFile; fileRef = 33540C0B2A71BF0000E47DE2 /* README.md */; };
/* End PBXBuildFile section */

/* Begin PBXContainerItemProxy section */
		33540BCB2A7150C100E47DE2 /* PBXContainerItemProxy */ = {
			isa = PBXContainerItemProxy;
			containerPortal = 33540BBD2A7150C100E47DE2 /* Project object */;
			proxyType = 1;
			remoteGlobalIDString = 33540BC82A7150C100E47DE2;
			remoteInfo = "WatchNotificationLocal Watch App";
		};
/* End PBXContainerItemProxy section */

/* Begin PBXCopyFilesBuildPhase section */
		33540BDC2A7150C200E47DE2 /* Embed Watch Content */ = {
			isa = PBXCopyFilesBuildPhase;
			buildActionMask = 2147483647;
			dstPath = "$(CONTENTS_FOLDER_PATH)/Watch";
			dstSubfolderSpec = 16;
			files = (
				33540BCA2A7150C100E47DE2 /* WatchNotificationLocal Watch App.app in Embed Watch Content */,
			);
			name = "Embed Watch Content";
			runOnlyForDeploymentPostprocessing = 0;
		};
/* End PBXCopyFilesBuildPhase section */

/* Begin PBXFileReference section */
		33540BC32A7150C100E47DE2 /* WatchNotificationLocal.app */ = {isa = PBXFileReference; explicitFileType = wrapper.application; includeInIndex = 0; path = WatchNotificationLocal.app; sourceTree = BUILT_PRODUCTS_DIR; };
		33540BC92A7150C100E47DE2 /* WatchNotificationLocal Watch App.app */ = {isa = PBXFileReference; explicitFileType = wrapper.application; includeInIndex = 0; path = "WatchNotificationLocal Watch App.app"; sourceTree = BUILT_PRODUCTS_DIR; };
		33540BCE2A7150C100E47DE2 /* WatchNotificationLocalApp.swift */ = {isa = PBXFileReference; lastKnownFileType = sourcecode.swift; path = WatchNotificationLocalApp.swift; sourceTree = "<group>"; };
		33540BD22A7150C200E47DE2 /* Assets.xcassets */ = {isa = PBXFileReference; lastKnownFileType = folder.assetcatalog; path = Assets.xcassets; sourceTree = "<group>"; };
		33540BD52A7150C200E47DE2 /* Preview Assets.xcassets */ = {isa = PBXFileReference; lastKnownFileType = folder.assetcatalog; path = "Preview Assets.xcassets"; sourceTree = "<group>"; };
		33540BE52A71517900E47DE2 /* HomeView.swift */ = {isa = PBXFileReference; fileEncoding = 4; lastKnownFileType = sourcecode.swift; path = HomeView.swift; sourceTree = "<group>"; };
		33540BE62A71517900E47DE2 /* HomeViewModel.swift */ = {isa = PBXFileReference; fileEncoding = 4; lastKnownFileType = sourcecode.swift; path = HomeViewModel.swift; sourceTree = "<group>"; };
		33540BEB2A7185DE00E47DE2 /* PushNotificationPayload-1.apns */ = {isa = PBXFileReference; fileEncoding = 4; lastKnownFileType = text; path = "PushNotificationPayload-1.apns"; sourceTree = "<group>"; };
		33540BFC2A71961000E47DE2 /* NotificationController.swift */ = {isa = PBXFileReference; fileEncoding = 4; lastKnownFileType = sourcecode.swift; path = NotificationController.swift; sourceTree = "<group>"; };
		33540BFD2A71961000E47DE2 /* NotificationView.swift */ = {isa = PBXFileReference; fileEncoding = 4; lastKnownFileType = sourcecode.swift; path = NotificationView.swift; sourceTree = "<group>"; };
		33540C062A719A8600E47DE2 /* PushNotificationPayload-2.apns */ = {isa = PBXFileReference; fileEncoding = 4; lastKnownFileType = text; path = "PushNotificationPayload-2.apns"; sourceTree = "<group>"; };
		33540C082A719A8D00E47DE2 /* PushNotificationPayload-3.apns */ = {isa = PBXFileReference; fileEncoding = 4; lastKnownFileType = text; path = "PushNotificationPayload-3.apns"; sourceTree = "<group>"; };
		33540C0B2A71BF0000E47DE2 /* README.md */ = {isa = PBXFileReference; fileEncoding = 4; lastKnownFileType = net.daringfireball.markdown; path = README.md; sourceTree = "<group>"; };
/* End PBXFileReference section */

/* Begin PBXFrameworksBuildPhase section */
		33540BC62A7150C100E47DE2 /* Frameworks */ = {
			isa = PBXFrameworksBuildPhase;
			buildActionMask = 2147483647;
			files = (
			);
			runOnlyForDeploymentPostprocessing = 0;
		};
/* End PBXFrameworksBuildPhase section */

/* Begin PBXGroup section */
		33540BBC2A7150C100E47DE2 = {
			isa = PBXGroup;
			children = (
				33540BCD2A7150C100E47DE2 /* WatchNotificationLocal Watch App */,
				33540C0B2A71BF0000E47DE2 /* README.md */,
				33540BC42A7150C100E47DE2 /* Products */,
			);
			sourceTree = "<group>";
		};
		33540BC42A7150C100E47DE2 /* Products */ = {
			isa = PBXGroup;
			children = (
				33540BC32A7150C100E47DE2 /* WatchNotificationLocal.app */,
				33540BC92A7150C100E47DE2 /* WatchNotificationLocal Watch App.app */,
			);
			name = Products;
			sourceTree = "<group>";
		};
		33540BCD2A7150C100E47DE2 /* WatchNotificationLocal Watch App */ = {
			isa = PBXGroup;
			children = (
				33540BCE2A7150C100E47DE2 /* WatchNotificationLocalApp.swift */,
				33540BFB2A7195EF00E47DE2 /* Views */,
				33540BE42A71513F00E47DE2 /* Modules */,
				33540BEB2A7185DE00E47DE2 /* PushNotificationPayload-1.apns */,
				33540C062A719A8600E47DE2 /* PushNotificationPayload-2.apns */,
				33540C082A719A8D00E47DE2 /* PushNotificationPayload-3.apns */,
				33540BD22A7150C200E47DE2 /* Assets.xcassets */,
				33540BD42A7150C200E47DE2 /* Preview Content */,
			);
			path = "WatchNotificationLocal Watch App";
			sourceTree = "<group>";
		};
		33540BD42A7150C200E47DE2 /* Preview Content */ = {
			isa = PBXGroup;
			children = (
				33540BD52A7150C200E47DE2 /* Preview Assets.xcassets */,
			);
			path = "Preview Content";
			sourceTree = "<group>";
		};
		33540BE42A71513F00E47DE2 /* Modules */ = {
			isa = PBXGroup;
			children = (
				33540BF02A718D9000E47DE2 /* Home */,
			);
			path = Modules;
			sourceTree = "<group>";
		};
		33540BF02A718D9000E47DE2 /* Home */ = {
			isa = PBXGroup;
			children = (
				33540BE62A71517900E47DE2 /* HomeViewModel.swift */,
				33540BE52A71517900E47DE2 /* HomeView.swift */,
			);
			path = Home;
			sourceTree = "<group>";
		};
		33540BFA2A7195E000E47DE2 /* Notification */ = {
			isa = PBXGroup;
			children = (
				33540BFC2A71961000E47DE2 /* NotificationController.swift */,
				33540BFD2A71961000E47DE2 /* NotificationView.swift */,
			);
			path = Notification;
			sourceTree = "<group>";
		};
		33540BFB2A7195EF00E47DE2 /* Views */ = {
			isa = PBXGroup;
			children = (
				33540BFA2A7195E000E47DE2 /* Notification */,
			);
			path = Views;
			sourceTree = "<group>";
		};
/* End PBXGroup section */

/* Begin PBXNativeTarget section */
		33540BC22A7150C100E47DE2 /* WatchNotificationLocal */ = {
			isa = PBXNativeTarget;
			buildConfigurationList = 33540BDD2A7150C200E47DE2 /* Build configuration list for PBXNativeTarget "WatchNotificationLocal" */;
			buildPhases = (
				33540BC12A7150C100E47DE2 /* Resources */,
				33540BDC2A7150C200E47DE2 /* Embed Watch Content */,
			);
			buildRules = (
			);
			dependencies = (
				33540BCC2A7150C100E47DE2 /* PBXTargetDependency */,
			);
			name = WatchNotificationLocal;
			productName = WatchNotificationLocal;
			productReference = 33540BC32A7150C100E47DE2 /* WatchNotificationLocal.app */;
			productType = "com.apple.product-type.application.watchapp2-container";
		};
		33540BC82A7150C100E47DE2 /* WatchNotificationLocal Watch App */ = {
			isa = PBXNativeTarget;
			buildConfigurationList = 33540BD92A7150C200E47DE2 /* Build configuration list for PBXNativeTarget "WatchNotificationLocal Watch App" */;
			buildPhases = (
				33540BC52A7150C100E47DE2 /* Sources */,
				33540BC62A7150C100E47DE2 /* Frameworks */,
				33540BC72A7150C100E47DE2 /* Resources */,
			);
			buildRules = (
			);
			dependencies = (
			);
			name = "WatchNotificationLocal Watch App";
			productName = "WatchNotificationLocal Watch App";
			productReference = 33540BC92A7150C100E47DE2 /* WatchNotificationLocal Watch App.app */;
			productType = "com.apple.product-type.application";
		};
/* End PBXNativeTarget section */

/* Begin PBXProject section */
		33540BBD2A7150C100E47DE2 /* Project object */ = {
			isa = PBXProject;
			attributes = {
				BuildIndependentTargetsInParallel = 1;
				LastSwiftUpdateCheck = 1430;
				LastUpgradeCheck = 1430;
				TargetAttributes = {
					33540BC22A7150C100E47DE2 = {
						CreatedOnToolsVersion = 14.3.1;
					};
					33540BC82A7150C100E47DE2 = {
						CreatedOnToolsVersion = 14.3.1;
					};
				};
			};
			buildConfigurationList = 33540BC02A7150C100E47DE2 /* Build configuration list for PBXProject "WatchNotificationLocal" */;
			compatibilityVersion = "Xcode 14.0";
			developmentRegion = en;
			hasScannedForEncodings = 0;
			knownRegions = (
				en,
				Base,
			);
			mainGroup = 33540BBC2A7150C100E47DE2;
			productRefGroup = 33540BC42A7150C100E47DE2 /* Products */;
			projectDirPath = "";
			projectRoot = "";
			targets = (
				33540BC22A7150C100E47DE2 /* WatchNotificationLocal */,
				33540BC82A7150C100E47DE2 /* WatchNotificationLocal Watch App */,
			);
		};
/* End PBXProject section */

/* Begin PBXResourcesBuildPhase section */
		33540BC12A7150C100E47DE2 /* Resources */ = {
			isa = PBXResourcesBuildPhase;
			buildActionMask = 2147483647;
			files = (
				33540C0C2A71BF0100E47DE2 /* README.md in Resources */,
			);
			runOnlyForDeploymentPostprocessing = 0;
		};
		33540BC72A7150C100E47DE2 /* Resources */ = {
			isa = PBXResourcesBuildPhase;
			buildActionMask = 2147483647;
			files = (
				33540C092A719A8D00E47DE2 /* PushNotificationPayload-3.apns in Resources */,
				33540BD62A7150C200E47DE2 /* Preview Assets.xcassets in Resources */,
				33540BD32A7150C200E47DE2 /* Assets.xcassets in Resources */,
				33540C072A719A8600E47DE2 /* PushNotificationPayload-2.apns in Resources */,
				33540BEC2A7185DE00E47DE2 /* PushNotificationPayload-1.apns in Resources */,
			);
			runOnlyForDeploymentPostprocessing = 0;
		};
/* End PBXResourcesBuildPhase section */

/* Begin PBXSourcesBuildPhase section */
		33540BC52A7150C100E47DE2 /* Sources */ = {
			isa = PBXSourcesBuildPhase;
			buildActionMask = 2147483647;
			files = (
				33540BE72A71517900E47DE2 /* HomeView.swift in Sources */,
				33540BCF2A7150C100E47DE2 /* WatchNotificationLocalApp.swift in Sources */,
				33540BFE2A71961000E47DE2 /* NotificationController.swift in Sources */,
				33540BE82A71517900E47DE2 /* HomeViewModel.swift in Sources */,
				33540BFF2A71961000E47DE2 /* NotificationView.swift in Sources */,
			);
			runOnlyForDeploymentPostprocessing = 0;
		};
/* End PBXSourcesBuildPhase section */

/* Begin PBXTargetDependency section */
		33540BCC2A7150C100E47DE2 /* PBXTargetDependency */ = {
			isa = PBXTargetDependency;
			target = 33540BC82A7150C100E47DE2 /* WatchNotificationLocal Watch App */;
			targetProxy = 33540BCB2A7150C100E47DE2 /* PBXContainerItemProxy */;
		};
/* End PBXTargetDependency section */

/* Begin XCBuildConfiguration section */
		33540BD72A7150C200E47DE2 /* Debug */ = {
			isa = XCBuildConfiguration;
			buildSettings = {
				ALWAYS_SEARCH_USER_PATHS = NO;
				CLANG_ANALYZER_NONNULL = YES;
				CLANG_ANALYZER_NUMBER_OBJECT_CONVERSION = YES_AGGRESSIVE;
				CLANG_CXX_LANGUAGE_STANDARD = "gnu++20";
				CLANG_ENABLE_MODULES = YES;
				CLANG_ENABLE_OBJC_ARC = YES;
				CLANG_ENABLE_OBJC_WEAK = YES;
				CLANG_WARN_BLOCK_CAPTURE_AUTORELEASING = YES;
				CLANG_WARN_BOOL_CONVERSION = YES;
				CLANG_WARN_COMMA = YES;
				CLANG_WARN_CONSTANT_CONVERSION = YES;
				CLANG_WARN_DEPRECATED_OBJC_IMPLEMENTATIONS = YES;
				CLANG_WARN_DIRECT_OBJC_ISA_USAGE = YES_ERROR;
				CLANG_WARN_DOCUMENTATION_COMMENTS = YES;
				CLANG_WARN_EMPTY_BODY = YES;
				CLANG_WARN_ENUM_CONVERSION = YES;
				CLANG_WARN_INFINITE_RECURSION = YES;
				CLANG_WARN_INT_CONVERSION = YES;
				CLANG_WARN_NON_LITERAL_NULL_CONVERSION = YES;
				CLANG_WARN_OBJC_IMPLICIT_RETAIN_SELF = YES;
				CLANG_WARN_OBJC_LITERAL_CONVERSION = YES;
				CLANG_WARN_OBJC_ROOT_CLASS = YES_ERROR;
				CLANG_WARN_QUOTED_INCLUDE_IN_FRAMEWORK_HEADER = YES;
				CLANG_WARN_RANGE_LOOP_ANALYSIS = YES;
				CLANG_WARN_STRICT_PROTOTYPES = YES;
				CLANG_WARN_SUSPICIOUS_MOVE = YES;
				CLANG_WARN_UNGUARDED_AVAILABILITY = YES_AGGRESSIVE;
				CLANG_WARN_UNREACHABLE_CODE = YES;
				CLANG_WARN__DUPLICATE_METHOD_MATCH = YES;
				COPY_PHASE_STRIP = NO;
				DEBUG_INFORMATION_FORMAT = dwarf;
				ENABLE_STRICT_OBJC_MSGSEND = YES;
				ENABLE_TESTABILITY = YES;
				GCC_C_LANGUAGE_STANDARD = gnu11;
				GCC_DYNAMIC_NO_PIC = NO;
				GCC_NO_COMMON_BLOCKS = YES;
				GCC_OPTIMIZATION_LEVEL = 0;
				GCC_PREPROCESSOR_DEFINITIONS = (
					"DEBUG=1",
					"$(inherited)",
				);
				GCC_WARN_64_TO_32_BIT_CONVERSION = YES;
				GCC_WARN_ABOUT_RETURN_TYPE = YES_ERROR;
				GCC_WARN_UNDECLARED_SELECTOR = YES;
				GCC_WARN_UNINITIALIZED_AUTOS = YES_AGGRESSIVE;
				GCC_WARN_UNUSED_FUNCTION = YES;
				GCC_WARN_UNUSED_VARIABLE = YES;
				MTL_ENABLE_DEBUG_INFO = INCLUDE_SOURCE;
				MTL_FAST_MATH = YES;
				ONLY_ACTIVE_ARCH = YES;
				SWIFT_ACTIVE_COMPILATION_CONDITIONS = DEBUG;
				SWIFT_OPTIMIZATION_LEVEL = "-Onone";
			};
			name = Debug;
		};
		33540BD82A7150C200E47DE2 /* Release */ = {
			isa = XCBuildConfiguration;
			buildSettings = {
				ALWAYS_SEARCH_USER_PATHS = NO;
				CLANG_ANALYZER_NONNULL = YES;
				CLANG_ANALYZER_NUMBER_OBJECT_CONVERSION = YES_AGGRESSIVE;
				CLANG_CXX_LANGUAGE_STANDARD = "gnu++20";
				CLANG_ENABLE_MODULES = YES;
				CLANG_ENABLE_OBJC_ARC = YES;
				CLANG_ENABLE_OBJC_WEAK = YES;
				CLANG_WARN_BLOCK_CAPTURE_AUTORELEASING = YES;
				CLANG_WARN_BOOL_CONVERSION = YES;
				CLANG_WARN_COMMA = YES;
				CLANG_WARN_CONSTANT_CONVERSION = YES;
				CLANG_WARN_DEPRECATED_OBJC_IMPLEMENTATIONS = YES;
				CLANG_WARN_DIRECT_OBJC_ISA_USAGE = YES_ERROR;
				CLANG_WARN_DOCUMENTATION_COMMENTS = YES;
				CLANG_WARN_EMPTY_BODY = YES;
				CLANG_WARN_ENUM_CONVERSION = YES;
				CLANG_WARN_INFINITE_RECURSION = YES;
				CLANG_WARN_INT_CONVERSION = YES;
				CLANG_WARN_NON_LITERAL_NULL_CONVERSION = YES;
				CLANG_WARN_OBJC_IMPLICIT_RETAIN_SELF = YES;
				CLANG_WARN_OBJC_LITERAL_CONVERSION = YES;
				CLANG_WARN_OBJC_ROOT_CLASS = YES_ERROR;
				CLANG_WARN_QUOTED_INCLUDE_IN_FRAMEWORK_HEADER = YES;
				CLANG_WARN_RANGE_LOOP_ANALYSIS = YES;
				CLANG_WARN_STRICT_PROTOTYPES = YES;
				CLANG_WARN_SUSPICIOUS_MOVE = YES;
				CLANG_WARN_UNGUARDED_AVAILABILITY = YES_AGGRESSIVE;
				CLANG_WARN_UNREACHABLE_CODE = YES;
				CLANG_WARN__DUPLICATE_METHOD_MATCH = YES;
				COPY_PHASE_STRIP = NO;
				DEBUG_INFORMATION_FORMAT = "dwarf-with-dsym";
				ENABLE_NS_ASSERTIONS = NO;
				ENABLE_STRICT_OBJC_MSGSEND = YES;
				GCC_C_LANGUAGE_STANDARD = gnu11;
				GCC_NO_COMMON_BLOCKS = YES;
				GCC_WARN_64_TO_32_BIT_CONVERSION = YES;
				GCC_WARN_ABOUT_RETURN_TYPE = YES_ERROR;
				GCC_WARN_UNDECLARED_SELECTOR = YES;
				GCC_WARN_UNINITIALIZED_AUTOS = YES_AGGRESSIVE;
				GCC_WARN_UNUSED_FUNCTION = YES;
				GCC_WARN_UNUSED_VARIABLE = YES;
				MTL_ENABLE_DEBUG_INFO = NO;
				MTL_FAST_MATH = YES;
				SWIFT_COMPILATION_MODE = wholemodule;
				SWIFT_OPTIMIZATION_LEVEL = "-O";
			};
			name = Release;
		};
		33540BDA2A7150C200E47DE2 /* Debug */ = {
			isa = XCBuildConfiguration;
			buildSettings = {
				ASSETCATALOG_COMPILER_APPICON_NAME = AppIcon;
				ASSETCATALOG_COMPILER_GLOBAL_ACCENT_COLOR_NAME = AccentColor;
				CODE_SIGN_STYLE = Automatic;
				CURRENT_PROJECT_VERSION = 1;
				DEVELOPMENT_ASSET_PATHS = "\"WatchNotificationLocal Watch App/Preview Content\"";
				DEVELOPMENT_TEAM = 68GGNBWVC7;
				ENABLE_PREVIEWS = YES;
				GENERATE_INFOPLIST_FILE = YES;
				INFOPLIST_KEY_CFBundleDisplayName = WatchNotificationLocal;
				INFOPLIST_KEY_UISupportedInterfaceOrientations = "UIInterfaceOrientationPortrait UIInterfaceOrientationPortraitUpsideDown";
				INFOPLIST_KEY_WKWatchOnly = YES;
				LD_RUNPATH_SEARCH_PATHS = (
					"$(inherited)",
					"@executable_path/Frameworks",
				);
				MARKETING_VERSION = 1.0;
				PRODUCT_BUNDLE_IDENTIFIER = com.oneshot.kevinmarin.WatchNotificationLocal.watchkitapp;
				PRODUCT_NAME = "$(TARGET_NAME)";
				SDKROOT = watchos;
				SKIP_INSTALL = YES;
				SWIFT_EMIT_LOC_STRINGS = YES;
				SWIFT_VERSION = 5.0;
				TARGETED_DEVICE_FAMILY = 4;
				WATCHOS_DEPLOYMENT_TARGET = 9.4;
			};
			name = Debug;
		};
		33540BDB2A7150C200E47DE2 /* Release */ = {
			isa = XCBuildConfiguration;
			buildSettings = {
				ASSETCATALOG_COMPILER_APPICON_NAME = AppIcon;
				ASSETCATALOG_COMPILER_GLOBAL_ACCENT_COLOR_NAME = AccentColor;
				CODE_SIGN_STYLE = Automatic;
				CURRENT_PROJECT_VERSION = 1;
				DEVELOPMENT_ASSET_PATHS = "\"WatchNotificationLocal Watch App/Preview Content\"";
				DEVELOPMENT_TEAM = 68GGNBWVC7;
				ENABLE_PREVIEWS = YES;
				GENERATE_INFOPLIST_FILE = YES;
				INFOPLIST_KEY_CFBundleDisplayName = WatchNotificationLocal;
				INFOPLIST_KEY_UISupportedInterfaceOrientations = "UIInterfaceOrientationPortrait UIInterfaceOrientationPortraitUpsideDown";
				INFOPLIST_KEY_WKWatchOnly = YES;
				LD_RUNPATH_SEARCH_PATHS = (
					"$(inherited)",
					"@executable_path/Frameworks",
				);
				MARKETING_VERSION = 1.0;
				PRODUCT_BUNDLE_IDENTIFIER = com.oneshot.kevinmarin.WatchNotificationLocal.watchkitapp;
				PRODUCT_NAME = "$(TARGET_NAME)";
				SDKROOT = watchos;
				SKIP_INSTALL = YES;
				SWIFT_EMIT_LOC_STRINGS = YES;
				SWIFT_VERSION = 5.0;
				TARGETED_DEVICE_FAMILY = 4;
				VALIDATE_PRODUCT = YES;
				WATCHOS_DEPLOYMENT_TARGET = 9.4;
			};
			name = Release;
		};
		33540BDE2A7150C200E47DE2 /* Debug */ = {
			isa = XCBuildConfiguration;
			buildSettings = {
				ALWAYS_EMBED_SWIFT_STANDARD_LIBRARIES = YES;
				CODE_SIGN_STYLE = Automatic;
				CURRENT_PROJECT_VERSION = 1;
				DEVELOPMENT_TEAM = 68GGNBWVC7;
				INFOPLIST_KEY_CFBundleDisplayName = WatchNotificationLocal;
				MARKETING_VERSION = 1.0;
				PRODUCT_BUNDLE_IDENTIFIER = com.oneshot.kevinmarin.WatchNotificationLocal;
				PRODUCT_NAME = "$(TARGET_NAME)";
				SDKROOT = iphoneos;
				SWIFT_VERSION = 5.0;
			};
			name = Debug;
		};
		33540BDF2A7150C200E47DE2 /* Release */ = {
			isa = XCBuildConfiguration;
			buildSettings = {
				ALWAYS_EMBED_SWIFT_STANDARD_LIBRARIES = YES;
				CODE_SIGN_STYLE = Automatic;
				CURRENT_PROJECT_VERSION = 1;
				DEVELOPMENT_TEAM = 68GGNBWVC7;
				INFOPLIST_KEY_CFBundleDisplayName = WatchNotificationLocal;
				MARKETING_VERSION = 1.0;
				PRODUCT_BUNDLE_IDENTIFIER = com.oneshot.kevinmarin.WatchNotificationLocal;
				PRODUCT_NAME = "$(TARGET_NAME)";
				SDKROOT = iphoneos;
				SWIFT_VERSION = 5.0;
				VALIDATE_PRODUCT = YES;
			};
			name = Release;
		};
/* End XCBuildConfiguration section */

/* Begin XCConfigurationList section */
		33540BC02A7150C100E47DE2 /* Build configuration list for PBXProject "WatchNotificationLocal" */ = {
			isa = XCConfigurationList;
			buildConfigurations = (
				33540BD72A7150C200E47DE2 /* Debug */,
				33540BD82A7150C200E47DE2 /* Release */,
			);
			defaultConfigurationIsVisible = 0;
			defaultConfigurationName = Release;
		};
		33540BD92A7150C200E47DE2 /* Build configuration list for PBXNativeTarget "WatchNotificationLocal Watch App" */ = {
			isa = XCConfigurationList;
			buildConfigurations = (
				33540BDA2A7150C200E47DE2 /* Debug */,
				33540BDB2A7150C200E47DE2 /* Release */,
			);
			defaultConfigurationIsVisible = 0;
			defaultConfigurationName = Release;
		};
		33540BDD2A7150C200E47DE2 /* Build configuration list for PBXNativeTarget "WatchNotificationLocal" */ = {
			isa = XCConfigurationList;
			buildConfigurations = (
				33540BDE2A7150C200E47DE2 /* Debug */,
				33540BDF2A7150C200E47DE2 /* Release */,
			);
			defaultConfigurationIsVisible = 0;
			defaultConfigurationName = Release;
		};
/* End XCConfigurationList section */
	};
	rootObject = 33540BBD2A7150C100E47DE2 /* Project object */;
}
